// !$*UTF8*$!
{
	archiveVersion = 1;
	classes = {
	};
	objectVersion = 46;
	objects = {

/* Begin PBXBuildFile section */
		0F227EB11F32F8F400FE77FF /* AppDelegate.swift in Sources */ = {isa = PBXBuildFile; fileRef = 0F227EB01F32F8F400FE77FF /* AppDelegate.swift */; };
		0F227EB31F32F8F400FE77FF /* GameScene.sks in Resources */ = {isa = PBXBuildFile; fileRef = 0F227EB21F32F8F400FE77FF /* GameScene.sks */; };
		0F227EB71F32F8F400FE77FF /* GameScene.swift in Sources */ = {isa = PBXBuildFile; fileRef = 0F227EB61F32F8F400FE77FF /* GameScene.swift */; };
		0F227EB91F32F8F400FE77FF /* GameViewController.swift in Sources */ = {isa = PBXBuildFile; fileRef = 0F227EB81F32F8F400FE77FF /* GameViewController.swift */; };
		0F227EBC1F32F8F400FE77FF /* Main.storyboard in Resources */ = {isa = PBXBuildFile; fileRef = 0F227EBA1F32F8F400FE77FF /* Main.storyboard */; };
		0F227EBE1F32F8F400FE77FF /* Assets.xcassets in Resources */ = {isa = PBXBuildFile; fileRef = 0F227EBD1F32F8F400FE77FF /* Assets.xcassets */; };
		0F227EC11F32F8F400FE77FF /* LaunchScreen.storyboard in Resources */ = {isa = PBXBuildFile; fileRef = 0F227EBF1F32F8F400FE77FF /* LaunchScreen.storyboard */; };
/* End PBXBuildFile section */

/* Begin PBXFileReference section */
		0F227EAD1F32F8F400FE77FF /* Platformer.app */ = {isa = PBXFileReference; explicitFileType = wrapper.application; includeInIndex = 0; path = Platformer.app; sourceTree = BUILT_PRODUCTS_DIR; };
		0F227EB01F32F8F400FE77FF /* AppDelegate.swift */ = {isa = PBXFileReference; lastKnownFileType = sourcecode.swift; path = AppDelegate.swift; sourceTree = "<group>"; };
		0F227EB21F32F8F400FE77FF /* GameScene.sks */ = {isa = PBXFileReference; lastKnownFileType = file.sks; path = GameScene.sks; sourceTree = "<group>"; };
		0F227EB61F32F8F400FE77FF /* GameScene.swift */ = {isa = PBXFileReference; lastKnownFileType = sourcecode.swift; path = GameScene.swift; sourceTree = "<group>"; };
		0F227EB81F32F8F400FE77FF /* GameViewController.swift */ = {isa = PBXFileReference; lastKnownFileType = sourcecode.swift; path = GameViewController.swift; sourceTree = "<group>"; };
		0F227EBB1F32F8F400FE77FF /* Base */ = {isa = PBXFileReference; lastKnownFileType = file.storyboard; name = Base; path = Base.lproj/Main.storyboard; sourceTree = "<group>"; };
		0F227EBD1F32F8F400FE77FF /* Assets.xcassets */ = {isa = PBXFileReference; lastKnownFileType = folder.assetcatalog; path = Assets.xcassets; sourceTree = "<group>"; };
		0F227EC01F32F8F400FE77FF /* Base */ = {isa = PBXFileReference; lastKnownFileType = file.storyboard; name = Base; path = Base.lproj/LaunchScreen.storyboard; sourceTree = "<group>"; };
		0F227EC21F32F8F400FE77FF /* Info.plist */ = {isa = PBXFileReference; lastKnownFileType = text.plist.xml; path = Info.plist; sourceTree = "<group>"; };
/* End PBXFileReference section */

/* Begin PBXFrameworksBuildPhase section */
		0F227EAA1F32F8F400FE77FF /* Frameworks */ = {
			isa = PBXFrameworksBuildPhase;
			buildActionMask = 2147483647;
			files = (
			);
			runOnlyForDeploymentPostprocessing = 0;
		};
/* End PBXFrameworksBuildPhase section */

/* Begin PBXGroup section */
		0F227EA41F32F8F400FE77FF = {
			isa = PBXGroup;
			children = (
				0F227EAF1F32F8F400FE77FF /* Platformer */,
				0F227EAE1F32F8F400FE77FF /* Products */,
			);
			sourceTree = "<group>";
		};
		0F227EAE1F32F8F400FE77FF /* Products */ = {
			isa = PBXGroup;
			children = (
				0F227EAD1F32F8F400FE77FF /* Platformer.app */,
			);
			name = Products;
			sourceTree = "<group>";
		};
		0F227EAF1F32F8F400FE77FF /* Platformer */ = {
			isa = PBXGroup;
			children = (
				0F227EB21F32F8F400FE77FF /* GameScene.sks */,
				0F227EB01F32F8F400FE77FF /* AppDelegate.swift */,
				0F227EB61F32F8F400FE77FF /* GameScene.swift */,
				0F227EB81F32F8F400FE77FF /* GameViewController.swift */,
				0F227EBA1F32F8F400FE77FF /* Main.storyboard */,
				0F227EBD1F32F8F400FE77FF /* Assets.xcassets */,
				0F227EBF1F32F8F400FE77FF /* LaunchScreen.storyboard */,
				0F227EC21F32F8F400FE77FF /* Info.plist */,
			);
			path = Platformer;
			sourceTree = "<group>";
		};
/* End PBXGroup section */

/* Begin PBXNativeTarget section */
		0F227EAC1F32F8F400FE77FF /* Platformer */ = {
			isa = PBXNativeTarget;
			buildConfigurationList = 0F227EC51F32F8F400FE77FF /* Build configuration list for PBXNativeTarget "Platformer" */;
			buildPhases = (
				0F227EA91F32F8F400FE77FF /* Sources */,
				0F227EAA1F32F8F400FE77FF /* Frameworks */,
				0F227EAB1F32F8F400FE77FF /* Resources */,
			);
			buildRules = (
			);
			dependencies = (
			);
			name = Platformer;
			productName = Platformer;
			productReference = 0F227EAD1F32F8F400FE77FF /* Platformer.app */;
			productType = "com.apple.product-type.application";
		};
/* End PBXNativeTarget section */

/* Begin PBXProject section */
		0F227EA51F32F8F400FE77FF /* Project object */ = {
			isa = PBXProject;
			attributes = {
				LastSwiftUpdateCheck = 0830;
				LastUpgradeCheck = 0930;
				ORGANIZATIONNAME = "Ibrahim Syed";
				TargetAttributes = {
					0F227EAC1F32F8F400FE77FF = {
						CreatedOnToolsVersion = 8.3.3;
						DevelopmentTeam = 2A57D34J33;
						ProvisioningStyle = Automatic;
					};
				};
			};
			buildConfigurationList = 0F227EA81F32F8F400FE77FF /* Build configuration list for PBXProject "Platformer" */;
			compatibilityVersion = "Xcode 3.2";
			developmentRegion = English;
			hasScannedForEncodings = 0;
			knownRegions = (
				en,
				Base,
			);
			mainGroup = 0F227EA41F32F8F400FE77FF;
			productRefGroup = 0F227EAE1F32F8F400FE77FF /* Products */;
			projectDirPath = "";
			projectRoot = "";
			targets = (
				0F227EAC1F32F8F400FE77FF /* Platformer */,
			);
		};
/* End PBXProject section */

/* Begin PBXResourcesBuildPhase section */
		0F227EAB1F32F8F400FE77FF /* Resources */ = {
			isa = PBXResourcesBuildPhase;
			buildActionMask = 2147483647;
			files = (
				0F227EBC1F32F8F400FE77FF /* Main.storyboard in Resources */,
				0F227EB31F32F8F400FE77FF /* GameScene.sks in Resources */,
				0F227EBE1F32F8F400FE77FF /* Assets.xcassets in Resources */,
				0F227EC11F32F8F400FE77FF /* LaunchScreen.storyboard in Resources */,
			);
			runOnlyForDeploymentPostprocessing = 0;
		};
/* End PBXResourcesBuildPhase section */

/* Begin PBXSourcesBuildPhase section */
		0F227EA91F32F8F400FE77FF /* Sources */ = {
			isa = PBXSourcesBuildPhase;
			buildActionMask = 2147483647;
			files = (
				0F227EB71F32F8F400FE77FF /* GameScene.swift in Sources */,
				0F227EB91F32F8F400FE77FF /* GameViewController.swift in Sources */,
				0F227EB11F32F8F400FE77FF /* AppDelegate.swift in Sources */,
			);
			runOnlyForDeploymentPostprocessing = 0;
		};
/* End PBXSourcesBuildPhase section */

/* Begin PBXVariantGroup section */
		0F227EBA1F32F8F400FE77FF /* Main.storyboard */ = {
			isa = PBXVariantGroup;
			children = (
				0F227EBB1F32F8F400FE77FF /* Base */,
			);
			name = Main.storyboard;
			sourceTree = "<group>";
		};
		0F227EBF1F32F8F400FE77FF /* LaunchScreen.storyboard */ = {
			isa = PBXVariantGroup;
			children = (
				0F227EC01F32F8F400FE77FF /* Base */,
			);
			name = LaunchScreen.storyboard;
			sourceTree = "<group>";
		};
/* End PBXVariantGroup section */

/* Begin XCBuildConfiguration section */
		0F227EC31F32F8F400FE77FF /* Debug */ = {
			isa = XCBuildConfiguration;
			buildSettings = {
				ALWAYS_SEARCH_USER_PATHS = NO;
				CLANG_ANALYZER_NONNULL = YES;
				CLANG_ANALYZER_NUMBER_OBJECT_CONVERSION = YES_AGGRESSIVE;
				CLANG_CXX_LANGUAGE_STANDARD = "gnu++0x";
				CLANG_CXX_LIBRARY = "libc++";
				CLANG_ENABLE_MODULES = YES;
				CLANG_ENABLE_OBJC_ARC = YES;
				CLANG_WARN_BLOCK_CAPTURE_AUTORELEASING = YES;
				CLANG_WARN_BOOL_CONVERSION = YES;
				CLANG_WARN_COMMA = YES;
				CLANG_WARN_CONSTANT_CONVERSION = YES;
				CLANG_WARN_DEPRECATED_OBJC_IMPLEMENTATIONS = YES;
				CLANG_WARN_DIRECT_OBJC_ISA_USAGE = YES_ERROR;
				CLANG_WARN_DOCUMENTATION_COMMENTS = YES;
				CLANG_WARN_EMPTY_BODY = YES;
				CLANG_WARN_ENUM_CONVERSION = YES;
				CLANG_WARN_INFINITE_RECURSION = YES;
				CLANG_WARN_INT_CONVERSION = YES;
				CLANG_WARN_NON_LITERAL_NULL_CONVERSION = YES;
				CLANG_WARN_OBJC_IMPLICIT_RETAIN_SELF = YES;
				CLANG_WARN_OBJC_LITERAL_CONVERSION = YES;
				CLANG_WARN_OBJC_ROOT_CLASS = YES_ERROR;
				CLANG_WARN_RANGE_LOOP_ANALYSIS = YES;
				CLANG_WARN_STRICT_PROTOTYPES = YES;
				CLANG_WARN_SUSPICIOUS_MOVE = YES;
				CLANG_WARN_UNREACHABLE_CODE = YES;
				CLANG_WARN__DUPLICATE_METHOD_MATCH = YES;
				"CODE_SIGN_IDENTITY[sdk=iphoneos*]" = "iPhone Developer";
				COPY_PHASE_STRIP = NO;
				DEBUG_INFORMATION_FORMAT = dwarf;
				ENABLE_STRICT_OBJC_MSGSEND = YES;
				ENABLE_TESTABILITY = YES;
				GCC_C_LANGUAGE_STANDARD = gnu99;
				GCC_DYNAMIC_NO_PIC = NO;
				GCC_NO_COMMON_BLOCKS = YES;
				GCC_OPTIMIZATION_LEVEL = 0;
				GCC_PREPROCESSOR_DEFINITIONS = (
					"DEBUG=1",
					"$(inherited)",
				);
				GCC_WARN_64_TO_32_BIT_CONVERSION = YES;
				GCC_WARN_ABOUT_RETURN_TYPE = YES_ERROR;
				GCC_WARN_UNDECLARED_SELECTOR = YES;
				GCC_WARN_UNINITIALIZED_AUTOS = YES_AGGRESSIVE;
				GCC_WARN_UNUSED_FUNCTION = YES;
				GCC_WARN_UNUSED_VARIABLE = YES;
				IPHONEOS_DEPLOYMENT_TARGET = 10.3;
				MTL_ENABLE_DEBUG_INFO = YES;
				ONLY_ACTIVE_ARCH = YES;
				SDKROOT = iphoneos;
				SWIFT_ACTIVE_COMPILATION_CONDITIONS = DEBUG;
				SWIFT_OPTIMIZATION_LEVEL = "-Onone";
			};
			name = Debug;
		};
		0F227EC41F32F8F400FE77FF /* Release */ = {
			isa = XCBuildConfiguration;
			buildSettings = {
				ALWAYS_SEARCH_USER_PATHS = NO;
				CLANG_ANALYZER_NONNULL = YES;
				CLANG_ANALYZER_NUMBER_OBJECT_CONVERSION = YES_AGGRESSIVE;
				CLANG_CXX_LANGUAGE_STANDARD = "gnu++0x";
				CLANG_CXX_LIBRARY = "libc++";
				CLANG_ENABLE_MODULES = YES;
				CLANG_ENABLE_OBJC_ARC = YES;
				CLANG_WARN_BLOCK_CAPTURE_AUTORELEASING = YES;
				CLANG_WARN_BOOL_CONVERSION = YES;
				CLANG_WARN_COMMA = YES;
				CLANG_WARN_CONSTANT_CONVERSION = YES;
				CLANG_WARN_DEPRECATED_OBJC_IMPLEMENTATIONS = YES;
				CLANG_WARN_DIRECT_OBJC_ISA_USAGE = YES_ERROR;
				CLANG_WARN_DOCUMENTATION_COMMENTS = YES;
				CLANG_WARN_EMPTY_BODY = YES;
				CLANG_WARN_ENUM_CONVERSION = YES;
				CLANG_WARN_INFINITE_RECURSION = YES;
				CLANG_WARN_INT_CONVERSION = YES;
				CLANG_WARN_NON_LITERAL_NULL_CONVERSION = YES;
				CLANG_WARN_OBJC_IMPLICIT_RETAIN_SELF = YES;
				CLANG_WARN_OBJC_LITERAL_CONVERSION = YES;
				CLANG_WARN_OBJC_ROOT_CLASS = YES_ERROR;
				CLANG_WARN_RANGE_LOOP_ANALYSIS = YES;
				CLANG_WARN_STRICT_PROTOTYPES = YES;
				CLANG_WARN_SUSPICIOUS_MOVE = YES;
				CLANG_WARN_UNREACHABLE_CODE = YES;
				CLANG_WARN__DUPLICATE_METHOD_MATCH = YES;
				"CODE_SIGN_IDENTITY[sdk=iphoneos*]" = "iPhone Developer";
				COPY_PHASE_STRIP = NO;
				DEBUG_INFORMATION_FORMAT = "dwarf-with-dsym";
				ENABLE_NS_ASSERTIONS = NO;
				ENABLE_STRICT_OBJC_MSGSEND = YES;
				GCC_C_LANGUAGE_STANDARD = gnu99;
				GCC_NO_COMMON_BLOCKS = YES;
				GCC_WARN_64_TO_32_BIT_CONVERSION = YES;
				GCC_WARN_ABOUT_RETURN_TYPE = YES_ERROR;
				GCC_WARN_UNDECLARED_SELECTOR = YES;
				GCC_WARN_UNINITIALIZED_AUTOS = YES_AGGRESSIVE;
				GCC_WARN_UNUSED_FUNCTION = YES;
				GCC_WARN_UNUSED_VARIABLE = YES;
				IPHONEOS_DEPLOYMENT_TARGET = 10.3;
				MTL_ENABLE_DEBUG_INFO = NO;
				SDKROOT = iphoneos;
				SWIFT_OPTIMIZATION_LEVEL = "-Owholemodule";
				VALIDATE_PRODUCT = YES;
			};
			name = Release;
		};
		0F227EC61F32F8F400FE77FF /* Debug */ = {
			isa = XCBuildConfiguration;
			buildSettings = {
				ASSETCATALOG_COMPILER_APPICON_NAME = AppIcon;
				DEVELOPMENT_TEAM = 2A57D34J33;
				INFOPLIST_FILE = Platformer/Info.plist;
				LD_RUNPATH_SEARCH_PATHS = "$(inherited) @executable_path/Frameworks";
				PRODUCT_BUNDLE_IDENTIFIER = xyz.tysoninfinite.Platformer;
				PRODUCT_NAME = "$(TARGET_NAME)";
				SWIFT_VERSION = 3.0;
			};
			name = Debug;
		};
		0F227EC71F32F8F400FE77FF /* Release */ = {
			isa = XCBuildConfiguration;
			buildSettings = {
				ASSETCATALOG_COMPILER_APPICON_NAME = AppIcon;
				DEVELOPMENT_TEAM = 2A57D34J33;
				INFOPLIST_FILE = Platformer/Info.plist;
				LD_RUNPATH_SEARCH_PATHS = "$(inherited) @executable_path/Frameworks";
				PRODUCT_BUNDLE_IDENTIFIER = xyz.tysoninfinite.Platformer;
				PRODUCT_NAME = "$(TARGET_NAME)";
				SWIFT_VERSION = 3.0;
			};
			name = Release;
		};
/* End XCBuildConfiguration section */

/* Begin XCConfigurationList section */
		0F227EA81F32F8F400FE77FF /* Build configuration list for PBXProject "Platformer" */ = {
			isa = XCConfigurationList;
			buildConfigurations = (
				0F227EC31F32F8F400FE77FF /* Debug */,
				0F227EC41F32F8F400FE77FF /* Release */,
			);
			defaultConfigurationIsVisible = 0;
			defaultConfigurationName = Release;
		};
		0F227EC51F32F8F400FE77FF /* Build configuration list for PBXNativeTarget "Platformer" */ = {
			isa = XCConfigurationList;
			buildConfigurations = (
				0F227EC61F32F8F400FE77FF /* Debug */,
				0F227EC71F32F8F400FE77FF /* Release */,
			);
			defaultConfigurationIsVisible = 0;
			defaultConfigurationName = Release;
		};
/* End XCConfigurationList section */
	};
	rootObject = 0F227EA51F32F8F400FE77FF /* Project object */;
}
